
Microsoft Visual Studio Solution File, Format Version 12.00
# Visual Studio Version 16
VisualStudioVersion = 16.0.31911.196
MinimumVisualStudioVersion = 10.0.40219.1
Project("{FAE04EC0-301F-11D3-BF4B-00C04F79EFBC}") = "TiburonTestApi", "TiburonTestApi\TiburonTestApi.csproj", "{2232BA27-862E-46A0-8BAD-697F5563C2AE}"
EndProject
Project("{FAE04EC0-301F-11D3-BF4B-00C04F79EFBC}") = "Storage", "Storage\Storage.csproj", "{80CCB655-EE0B-43AA-8568-633897A865CF}"
EndProject
Project("{FAE04EC0-301F-11D3-BF4B-00C04F79EFBC}") = "Services", "Services\Services.csproj", "{79EBC47E-2DEE-4A77-B3E8-339848CCC443}"
EndProject
Global
	GlobalSection(SolutionConfigurationPlatforms) = preSolution
		Debug|Any CPU = Debug|Any CPU
		Release|Any CPU = Release|Any CPU
	EndGlobalSection
	GlobalSection(ProjectConfigurationPlatforms) = postSolution
		{2232BA27-862E-46A0-8BAD-697F5563C2AE}.Debug|Any CPU.ActiveCfg = Debug|Any CPU
		{2232BA27-862E-46A0-8BAD-697F5563C2AE}.Debug|Any CPU.Build.0 = Debug|Any CPU
		{2232BA27-862E-46A0-8BAD-697F5563C2AE}.Release|Any CPU.ActiveCfg = Release|Any CPU
		{2232BA27-862E-46A0-8BAD-697F5563C2AE}.Release|Any CPU.Build.0 = Release|Any CPU
		{80CCB655-EE0B-43AA-8568-633897A865CF}.Debug|Any CPU.ActiveCfg = Debug|Any CPU
		{80CCB655-EE0B-43AA-8568-633897A865CF}.Debug|Any CPU.Build.0 = Debug|Any CPU
		{80CCB655-EE0B-43AA-8568-633897A865CF}.Release|Any CPU.ActiveCfg = Release|Any CPU
		{80CCB655-EE0B-43AA-8568-633897A865CF}.Release|Any CPU.Build.0 = Release|Any CPU
		{79EBC47E-2DEE-4A77-B3E8-339848CCC443}.Debug|Any CPU.ActiveCfg = Debug|Any CPU
		{79EBC47E-2DEE-4A77-B3E8-339848CCC443}.Debug|Any CPU.Build.0 = Debug|Any CPU
		{79EBC47E-2DEE-4A77-B3E8-339848CCC443}.Release|Any CPU.ActiveCfg = Release|Any CPU
		{79EBC47E-2DEE-4A77-B3E8-339848CCC443}.Release|Any CPU.Build.0 = Release|Any CPU
	EndGlobalSection
	GlobalSection(SolutionProperties) = preSolution
		HideSolutionNode = FALSE
	EndGlobalSection
	GlobalSection(ExtensibilityGlobals) = postSolution
		SolutionGuid = {19AF0093-136D-4354-A4ED-75E5EF85DC04}
	EndGlobalSection
EndGlobal
